{
  "sources": {
    "apache2": {
      "locked_version": "1.10.0"
    },
    "apt": {
      "locked_version": "2.2.0"
    },
    "ark": {
      "locked_version": "0.8.0"
    },
    "aws": {
      "locked_version": "2.1.1"
    },
    "bluepill": {
      "locked_version": "2.3.1"
    },
    "build-essential": {
      "locked_version": "1.4.2"
    },
    "certificate": {
      "locked_version": "0.5.0"
    },
    "chef-client": {
      "locked_version": "3.3.8"
    },
    "chef_handler": {
      "locked_version": "1.1.5"
    },
    "chef-server": {
      "locked_version": "1.1.0"
    },
    "cpu": {
      "locked_version": "0.2.0"
    },
    "cron": {
      "locked_version": "1.2.2"
    },
    "daemontools": {
      "locked_version": "1.2.0"
    },
    "database": {
      "locked_version": "1.4.0"
    },
    "dmg": {
      "locked_version": "1.1.0"
    },
    "erlang": {
      "locked_version": "1.5.4"
    },
    "git": {
      "locked_version": "4.0.2"
    },
    "haproxy": {
      "locked_version": "1.6.2"
    },
    "homebrew": {
      "locked_version": "1.5.4"
    },
    "iptables": {
      "locked_version": "0.12.0"
    },
    "java": {
      "locked_version": "1.22.0"
    },
    "jenkins": {
      "locked_version": "2.0.2"
    },
    "line": {
      "locked_version": "0.5.1"
    },
    "logrotate": {
      "locked_version": "1.2.0"
    },
    "logstash": {
      "locked_version": "0.8.1",
      "git": "git://github.com/lusis/chef-logstash.git",
      "ref": "6fbf75792ef25e229830763d3fca72e7d412ac89"
    },
    "lsyncd": {
      "locked_version": "0.1.0"
    },
    "magic_shell": {
      "locked_version": "0.2.0"
    },
    "memcached": {
      "locked_version": "1.7.2"
    },
    "monit": {
      "locked_version": "0.7.1"
    },
    "munin": {
      "locked_version": "1.4.3"
    },
    "mysql": {
      "locked_version": "3.0.12"
    },
    "nfs": {
      "locked_version": "1.0.0"
    },
    "nginx": {
      "locked_version": "2.6.2"
    },
    "ntp": {
      "locked_version": "1.6.2"
    },
    "ohai": {
      "locked_version": "1.1.12"
    },
    "omnibus_updater": {
      "locked_version": "1.0.0"
    },
    "openssh": {
      "locked_version": "1.3.2"
    },
    "openssl": {
      "locked_version": "1.1.0"
    },
    "pacman": {
      "locked_version": "1.1.1"
    },
    "passenger_apache2": {
      "locked_version": "2.2.0"
    },
    "perl": {
      "locked_version": "1.2.2"
    },
    "php": {
      "locked_version": "1.2.4"
    },
    "postfix": {
      "locked_version": "2.1.4"
    },
    "postgresql": {
      "locked_version": "3.0.2"
    },
    "python": {
      "locked_version": "1.4.6"
    },
    "rabbitmq": {
      "locked_version": "3.1.0"
    },
    "resolver": {
      "locked_version": "1.1.4"
    },
    "rsync": {
      "locked_version": "0.8.4"
    },
    "rsyslog": {
      "locked_version": "1.12.2"
    },
    "runit": {
      "locked_version": "1.5.10"
    },
    "rvm": {
      "locked_version": "0.9.2"
    },
    "selinux": {
      "locked_version": "0.7.2"
    },
    "simple_iptables": {
      "locked_version": "0.6.0"
    },
    "sudo": {
      "locked_version": "2.5.2"
    },
    "supervisor": {
      "locked_version": "0.4.0"
    },
    "sysctl": {
      "locked_version": "0.4.0"
    },
    "user": {
      "locked_version": "0.3.0"
    },
    "windows": {
      "locked_version": "1.30.2"
    },
    "xfs": {
      "locked_version": "1.1.0"
    },
    "xml": {
      "locked_version": "1.2.4"
    },
    "yum": {
      "locked_version": "3.2.0"
    },
    "openstack-block-storage": {
      "locked_version": "8.4.3",
      "git": "git://github.com/stackforge/cookbook-openstack-block-storage.git",
      "ref": "33f7ceb488c2e0eb3349d8551f6c8c05b7f32c59"
    },
    "openstack-common": {
      "locked_version": "8.5.0",
      "git": "git://github.com/stackforge/cookbook-openstack-common.git",
      "ref": "3e9264d94b0cc0d30705408aa82ae538c482d2bb"
    },
    "openstack-compute": {
      "locked_version": "8.4.3",
      "git": "git://github.com/stackforge/cookbook-openstack-compute.git",
      "ref": "b4a3123dcbd258b353ff1f4463e4da14da1e72d1"
    },
    "openstack-dashboard": {
      "locked_version": "8.1.1",
      "git": "git://github.com/stackforge/cookbook-openstack-dashboard.git",
      "ref": "d965afb91f21174e6156ddb8695dcad24e083c0a"
    },
    "openstack-identity": {
      "locked_version": "8.1.4",
      "git": "git://github.com/stackforge/cookbook-openstack-identity.git",
      "ref": "d3d1e34a63e2fe5f3764149a38378070956e1756"
    },
    "openstack-image": {
      "locked_version": "8.2.2",
      "git": "git://github.com/stackforge/cookbook-openstack-image.git",
      "ref": "48749c19e0e0b60061dbc894b09646e3c90d3377"
    },
    "openstack-network": {
      "locked_version": "8.5.2",
      "git": "git://github.com/stackforge/cookbook-openstack-network.git",
      "ref": "379c68fdeff7d4be0197b5faefc27ebaa12c038d"
    },
    "openstack-object-storage": {
      "locked_version": "8.3.0",
      "git": "git://github.com/stackforge/cookbook-openstack-object-storage.git",
      "ref": "07f08328a201a484bfec59ecffd4f8c443e77bc6"
    },
    "openstack-ops-database": {
      "locked_version": "8.1.0",
      "git": "git://github.com/stackforge/cookbook-openstack-ops-database.git",
      "ref": "b6af43226c565424181c2f761b34af1a466c7748"
    },
    "openstack-ops-messaging": {
      "locked_version": "8.0.1",
      "git": "git://github.com/stackforge/cookbook-openstack-ops-messaging.git",
      "ref": "774eb5b028299c3ac765718ab00cdda866b07ff5"
    },
    "openstack-orchestration": {
      "locked_version": "8.1.2",
      "git": "git://github.com/stackforge/cookbook-openstack-orchestration.git",
      "ref": "e2bebd46f229781100ed1ac6812c2417c9146ea5"
    },
    "openstack-telemetry": {
      "locked_version": "8.4.1",
      "git": "git://github.com/stackforge/cookbook-openstack-telemetry.git",
      "ref": "2e911759f130b1e2545c04bf81edda257a7701cf"
    },
    "couchdb": {
      "locked_version": "2.5.1"
    },
    "yum-epel": {
      "locked_version": "0.3.6"
    },
    "zlib": {
      "locked_version": "2.0.0"
    },
    "gecode": {
      "locked_version": "2.1.0"
    },
    "ucspi-tcp": {
      "locked_version": "1.1.0"
    },
    "yum-erlang_solutions": {
      "locked_version": "0.2.0"
    },
    "ant": {
      "locked_version": "1.0.2"
    },
    "chef_gem": {
      "locked_version": "0.1.0"
    },
    "statsd": {
      "locked_version": "0.0.1"
    }
  }
}
